<?xml version="1.0" encoding="utf-8"?>
<Project ToolsVersion="4.0" xmlns="http://schemas.microsoft.com/developer/msbuild/2003">
  <ItemGroup>
    <Filter Include="Quellcodedateien">
      <UniqueIdentifier>{0cb61cb3-b3dc-4cc4-af37-1741f12c92e9}</UniqueIdentifier>
      <Extensions>cpp;c;cxx;rc;def;r;odl;idl;hpj;bat</Extensions>
    </Filter>
    <Filter Include="Header-Dateien">
      <UniqueIdentifier>{2a11849f-de63-4437-a98d-7bb435c9392e}</UniqueIdentifier>
      <Extensions>h;hpp;hxx;hm;inl</Extensions>
    </Filter>
    <Filter Include="Ressourcendateien">
      <UniqueIdentifier>{06cb0d95-2aef-498c-8c1f-f5d1dff09c05}</UniqueIdentifier>
      <Extensions>ico;cur;bmp;dlg;rc2;rct;bin;rgs;gif;jpg;jpeg;jpe</Extensions>
    </Filter>
  </ItemGroup>
  <ItemGroup>
    <ClCompile Include="MFNetTraffic.cpp">
      <Filter>Quellcodedateien</Filter>
    </ClCompile>
    <ClCompile Include="mftrafficbutton.cpp">
      <Filter>Quellcodedateien</Filter>
    </ClCompile>
    <ClCompile Include="NetTrafficButton.cpp">
      <Filter>Quellcodedateien</Filter>
    </ClCompile>
    <ClCompile Include="NetTrafficButtonDlg.cpp">
      <Filter>Quellcodedateien</Filter>
    </ClCompile>
    <ClCompile Include="StdAfx.cpp">
      <Filter>Quellcodedateien</Filter>
    </ClCompile>
  </ItemGroup>
  <ItemGroup>
    <ResourceCompile Include="NetTrafficButton.rc">
      <Filter>Quellcodedateien</Filter>
    </ResourceCompile>
  </ItemGroup>
  <ItemGroup>
    <ClInclude Include="Globals.h">
      <Filter>Header-Dateien</Filter>
    </ClInclude>
    <ClInclude Include="MemDC.h">
      <Filter>Header-Dateien</Filter>
    </ClInclude>
    <ClInclude Include="MFNetTraffic.h">
      <Filter>Header-Dateien</Filter>
    </ClInclude>
    <ClInclude Include="mftrafficbutton.h">
      <Filter>Header-Dateien</Filter>
    </ClInclude>
    <ClInclude Include="NetTrafficButton.h">
      <Filter>Header-Dateien</Filter>
    </ClInclude>
    <ClInclude Include="NetTrafficButtonDlg.h">
      <Filter>Header-Dateien</Filter>
    </ClInclude>
    <ClInclude Include="Resource.h">
      <Filter>Header-Dateien</Filter>
    </ClInclude>
    <ClInclude Include="StdAfx.h">
      <Filter>Header-Dateien</Filter>
    </ClInclude>
  </ItemGroup>
  <ItemGroup>
    <Image Include="res\MainFrame.ico">
      <Filter>Ressourcendateien</Filter>
    </Image>
  </ItemGroup>
  <ItemGroup>
    <Text Include="ReadMe.txt" />
  </ItemGroup>
  <ItemGroup>
    <CustomBuild Include="res\NetTrafficButton.rc2">
      <Filter>Ressourcendateien</Filter>
    </CustomBuild>
  </ItemGroup>
</Project>