
Microsoft Visual Studio Solution File, Format Version 12.00
# Visual Studio 15
VisualStudioVersion = 15.0.27703.2047
MinimumVisualStudioVersion = 10.0.40219.1
Project("{8BC9CEB8-8B4A-11D0-8D11-00A0C91BC942}") = "BaiduApi", "BaiduApi\BaiduApi.vcxproj", "{9543F2AC-E1AF-4CC6-90A4-C72C192DBDCD}"
EndProject
Project("{8BC9CEB8-8B4A-11D0-8D11-00A0C91BC942}") = "WinLibcurlTest", "WinLibcurlTest\WinLibcurlTest.vcxproj", "{C03C93D7-5723-4A81-AAB4-7A6A8AC30718}"
EndProject
Project("{8BC9CEB8-8B4A-11D0-8D11-00A0C91BC942}") = "TaoBao-sdk-C", "TaoBao-sdk-C\TaoBao-sdk-C.vcxproj", "{09A6A132-2AA4-42F9-A7AB-4C3AC633C42B}"
EndProject
Project("{8BC9CEB8-8B4A-11D0-8D11-00A0C91BC942}") = "Winsock_TcpSrv", "Winsock_TcpSrv\Winsock_TcpSrv.vcxproj", "{C107601D-8F96-4E2A-973B-2E8F4739771E}"
EndProject
Project("{8BC9CEB8-8B4A-11D0-8D11-00A0C91BC942}") = "Winsock_TcpCli", "Winsock_TcpCli\Winsock_TcpCli.vcxproj", "{D002E33E-6695-49D4-93C9-170B43BBCF41}"
EndProject
Project("{8BC9CEB8-8B4A-11D0-8D11-00A0C91BC942}") = "BankServer", "ABCBank\BankServer\BankServer.vcxproj", "{81DA1A1E-7B5E-4F3C-A0EE-9D263D0FF115}"
EndProject
Project("{8BC9CEB8-8B4A-11D0-8D11-00A0C91BC942}") = "BankClient", "ABCBank\BankClient\BankClient.vcxproj", "{380667FC-964A-4D8E-9891-D382D4286501}"
EndProject
Project("{8BC9CEB8-8B4A-11D0-8D11-00A0C91BC942}") = "WinThread", "WinThread\WinThread.vcxproj", "{A65AB530-8776-4003-9E9F-CF7AF7DCFDE5}"
EndProject
Global
	GlobalSection(SolutionConfigurationPlatforms) = preSolution
		Debug|Win32 = Debug|Win32
		Debug|x64 = Debug|x64
		Release|Win32 = Release|Win32
		Release|x64 = Release|x64
	EndGlobalSection
	GlobalSection(ProjectConfigurationPlatforms) = postSolution
		{9543F2AC-E1AF-4CC6-90A4-C72C192DBDCD}.Debug|Win32.ActiveCfg = Debug|Win32
		{9543F2AC-E1AF-4CC6-90A4-C72C192DBDCD}.Debug|Win32.Build.0 = Debug|Win32
		{9543F2AC-E1AF-4CC6-90A4-C72C192DBDCD}.Debug|x64.ActiveCfg = Debug|x64
		{9543F2AC-E1AF-4CC6-90A4-C72C192DBDCD}.Debug|x64.Build.0 = Debug|x64
		{9543F2AC-E1AF-4CC6-90A4-C72C192DBDCD}.Release|Win32.ActiveCfg = Release|Win32
		{9543F2AC-E1AF-4CC6-90A4-C72C192DBDCD}.Release|Win32.Build.0 = Release|Win32
		{9543F2AC-E1AF-4CC6-90A4-C72C192DBDCD}.Release|x64.ActiveCfg = Release|x64
		{9543F2AC-E1AF-4CC6-90A4-C72C192DBDCD}.Release|x64.Build.0 = Release|x64
		{C03C93D7-5723-4A81-AAB4-7A6A8AC30718}.Debug|Win32.ActiveCfg = Debug|Win32
		{C03C93D7-5723-4A81-AAB4-7A6A8AC30718}.Debug|Win32.Build.0 = Debug|Win32
		{C03C93D7-5723-4A81-AAB4-7A6A8AC30718}.Debug|x64.ActiveCfg = Debug|x64
		{C03C93D7-5723-4A81-AAB4-7A6A8AC30718}.Debug|x64.Build.0 = Debug|x64
		{C03C93D7-5723-4A81-AAB4-7A6A8AC30718}.Release|Win32.ActiveCfg = Release|Win32
		{C03C93D7-5723-4A81-AAB4-7A6A8AC30718}.Release|Win32.Build.0 = Release|Win32
		{C03C93D7-5723-4A81-AAB4-7A6A8AC30718}.Release|x64.ActiveCfg = Release|x64
		{C03C93D7-5723-4A81-AAB4-7A6A8AC30718}.Release|x64.Build.0 = Release|x64
		{09A6A132-2AA4-42F9-A7AB-4C3AC633C42B}.Debug|Win32.ActiveCfg = Debug|Win32
		{09A6A132-2AA4-42F9-A7AB-4C3AC633C42B}.Debug|Win32.Build.0 = Debug|Win32
		{09A6A132-2AA4-42F9-A7AB-4C3AC633C42B}.Debug|x64.ActiveCfg = Debug|x64
		{09A6A132-2AA4-42F9-A7AB-4C3AC633C42B}.Debug|x64.Build.0 = Debug|x64
		{09A6A132-2AA4-42F9-A7AB-4C3AC633C42B}.Release|Win32.ActiveCfg = Release|Win32
		{09A6A132-2AA4-42F9-A7AB-4C3AC633C42B}.Release|Win32.Build.0 = Release|Win32
		{09A6A132-2AA4-42F9-A7AB-4C3AC633C42B}.Release|x64.ActiveCfg = Release|x64
		{09A6A132-2AA4-42F9-A7AB-4C3AC633C42B}.Release|x64.Build.0 = Release|x64
		{C107601D-8F96-4E2A-973B-2E8F4739771E}.Debug|Win32.ActiveCfg = Debug|Win32
		{C107601D-8F96-4E2A-973B-2E8F4739771E}.Debug|Win32.Build.0 = Debug|Win32
		{C107601D-8F96-4E2A-973B-2E8F4739771E}.Debug|x64.ActiveCfg = Debug|x64
		{C107601D-8F96-4E2A-973B-2E8F4739771E}.Debug|x64.Build.0 = Debug|x64
		{C107601D-8F96-4E2A-973B-2E8F4739771E}.Release|Win32.ActiveCfg = Release|Win32
		{C107601D-8F96-4E2A-973B-2E8F4739771E}.Release|Win32.Build.0 = Release|Win32
		{C107601D-8F96-4E2A-973B-2E8F4739771E}.Release|x64.ActiveCfg = Release|x64
		{C107601D-8F96-4E2A-973B-2E8F4739771E}.Release|x64.Build.0 = Release|x64
		{D002E33E-6695-49D4-93C9-170B43BBCF41}.Debug|Win32.ActiveCfg = Debug|Win32
		{D002E33E-6695-49D4-93C9-170B43BBCF41}.Debug|Win32.Build.0 = Debug|Win32
		{D002E33E-6695-49D4-93C9-170B43BBCF41}.Debug|x64.ActiveCfg = Debug|x64
		{D002E33E-6695-49D4-93C9-170B43BBCF41}.Debug|x64.Build.0 = Debug|x64
		{D002E33E-6695-49D4-93C9-170B43BBCF41}.Release|Win32.ActiveCfg = Release|Win32
		{D002E33E-6695-49D4-93C9-170B43BBCF41}.Release|Win32.Build.0 = Release|Win32
		{D002E33E-6695-49D4-93C9-170B43BBCF41}.Release|x64.ActiveCfg = Release|x64
		{D002E33E-6695-49D4-93C9-170B43BBCF41}.Release|x64.Build.0 = Release|x64
		{81DA1A1E-7B5E-4F3C-A0EE-9D263D0FF115}.Debug|Win32.ActiveCfg = Debug|Win32
		{81DA1A1E-7B5E-4F3C-A0EE-9D263D0FF115}.Debug|Win32.Build.0 = Debug|Win32
		{81DA1A1E-7B5E-4F3C-A0EE-9D263D0FF115}.Debug|x64.ActiveCfg = Debug|x64
		{81DA1A1E-7B5E-4F3C-A0EE-9D263D0FF115}.Debug|x64.Build.0 = Debug|x64
		{81DA1A1E-7B5E-4F3C-A0EE-9D263D0FF115}.Release|Win32.ActiveCfg = Release|Win32
		{81DA1A1E-7B5E-4F3C-A0EE-9D263D0FF115}.Release|Win32.Build.0 = Release|Win32
		{81DA1A1E-7B5E-4F3C-A0EE-9D263D0FF115}.Release|x64.ActiveCfg = Release|x64
		{81DA1A1E-7B5E-4F3C-A0EE-9D263D0FF115}.Release|x64.Build.0 = Release|x64
		{380667FC-964A-4D8E-9891-D382D4286501}.Debug|Win32.ActiveCfg = Debug|Win32
		{380667FC-964A-4D8E-9891-D382D4286501}.Debug|Win32.Build.0 = Debug|Win32
		{380667FC-964A-4D8E-9891-D382D4286501}.Debug|x64.ActiveCfg = Debug|x64
		{380667FC-964A-4D8E-9891-D382D4286501}.Debug|x64.Build.0 = Debug|x64
		{380667FC-964A-4D8E-9891-D382D4286501}.Release|Win32.ActiveCfg = Release|Win32
		{380667FC-964A-4D8E-9891-D382D4286501}.Release|Win32.Build.0 = Release|Win32
		{380667FC-964A-4D8E-9891-D382D4286501}.Release|x64.ActiveCfg = Release|x64
		{380667FC-964A-4D8E-9891-D382D4286501}.Release|x64.Build.0 = Release|x64
		{A65AB530-8776-4003-9E9F-CF7AF7DCFDE5}.Debug|Win32.ActiveCfg = Debug|Win32
		{A65AB530-8776-4003-9E9F-CF7AF7DCFDE5}.Debug|Win32.Build.0 = Debug|Win32
		{A65AB530-8776-4003-9E9F-CF7AF7DCFDE5}.Debug|x64.ActiveCfg = Debug|x64
		{A65AB530-8776-4003-9E9F-CF7AF7DCFDE5}.Debug|x64.Build.0 = Debug|x64
		{A65AB530-8776-4003-9E9F-CF7AF7DCFDE5}.Release|Win32.ActiveCfg = Release|Win32
		{A65AB530-8776-4003-9E9F-CF7AF7DCFDE5}.Release|Win32.Build.0 = Release|Win32
		{A65AB530-8776-4003-9E9F-CF7AF7DCFDE5}.Release|x64.ActiveCfg = Release|x64
		{A65AB530-8776-4003-9E9F-CF7AF7DCFDE5}.Release|x64.Build.0 = Release|x64
	EndGlobalSection
	GlobalSection(SolutionProperties) = preSolution
		HideSolutionNode = FALSE
	EndGlobalSection
	GlobalSection(ExtensibilityGlobals) = postSolution
		SolutionGuid = {6CAFD049-BF01-4F67-891B-B610FD6D8CD9}
	EndGlobalSection
EndGlobal
